{
  "lockfile_version": "1",
  "packages": {
    "cmake@latest": {
      "last_modified": "2025-11-23T21:50:36Z",
      "resolved": "github:NixOS/nixpkgs/ee09932cedcef15aaf476f9343d1dea2cb77e261#cmake",
      "source": "devbox-search",
      "version": "4.1.2",
      "systems": {
        "aarch64-darwin": {
          "outputs": [
            {
              "name": "out",
              "path": "/nix/store/0v5vpvwbl94qv9447jz995i4n9mx4l63-cmake-4.1.2",
              "default": true
            }
          ],
          "store_path": "/nix/store/0v5vpvwbl94qv9447jz995i4n9mx4l63-cmake-4.1.2"
        },
        "aarch64-linux": {
          "outputs": [
            {
              "name": "out",
              "path": "/nix/store/ipjw0mbzcycidbw62gsz47cgivqxm2lv-cmake-4.1.2",
              "default": true
            },
            {
              "name": "debug",
              "path": "/nix/store/4m6l2qb5s7vyirybbn3c5k1rv2dww1vy-cmake-4.1.2-debug"
            }
          ],
          "store_path": "/nix/store/ipjw0mbzcycidbw62gsz47cgivqxm2lv-cmake-4.1.2"
        },
        "x86_64-darwin": {
          "outputs": [
            {
              "name": "out",
              "path": "/nix/store/i7c7r2g0zycvi7wh3rnw1dx3aglbvw2d-cmake-4.1.2",
              "default": true
            }
          ],
          "store_path": "/nix/store/i7c7r2g0zycvi7wh3rnw1dx3aglbvw2d-cmake-4.1.2"
        },
        "x86_64-linux": {
          "outputs": [
            {
              "name": "out",
              "path": "/nix/store/w9jm660dykns6hzrdhxmqfywnc9ail8g-cmake-4.1.2",
              "default": true
            },
            {
              "name": "debug",
              "path": "/nix/store/pnizhra0882ijp3nilvzdzbaa0ayq4hd-cmake-4.1.2-debug"
            }
          ],
          "store_path": "/nix/store/w9jm660dykns6hzrdhxmqfywnc9ail8g-cmake-4.1.2"
        }
      }
    },
    "darwin.apple_sdk.frameworks.Security": {
      "resolved": "github:NixOS/nixpkgs/75a52265bda7fd25e06e3a67dee3f0354e73243c#darwin.apple_sdk.frameworks.Security",
      "source": "nixpkg"
    },
    "darwin.apple_sdk.frameworks.SystemConfiguration": {
      "resolved": "github:NixOS/nixpkgs/75a52265bda7fd25e06e3a67dee3f0354e73243c#darwin.apple_sdk.frameworks.SystemConfiguration",
      "source": "nixpkg"
    },
    "ffmpeg-headless@latest": {
      "last_modified": "2026-08-28T08:26:42Z",
      "resolved": "github:NixOS/nixpkgs/0e7911a191ea0fb9d6e8e771d24736d3618f8b1f#ffmpeg-headless",
      "source": "devbox-search",
      "version": "9.0.1",
      "systems": {
        "aarch64-darwin": {
          "outputs": [
            {
              "name": "bin",
              "path": "/nix/store/izz9r16afdgflp7wm6kxxghxypaxj278-ffmpeg-headless-9.0.1-bin",
              "default": true
            },
            {
              "name": "man",
              "path": "/nix/store/nchj5vbc9f7afavnzk544g38sz7g5k7y-ffmpeg-headless-9.0.1-man",
              "default": true
            },
            {
              "name": "data",
              "path": "/nix/store/8mlp3ixz270zj1aymwmch1j1v7hg8yiy-ffmpeg-headless-9.0.1-data"
            },
            {
              "name": "dev",
              "path": "/nix/store/is1qp7xqznvdbhsp57wk9nycfc41sylr-ffmpeg-headless-9.0.1-dev"
            },
            {
              "name": "doc",
              "path": "/nix/store/rpryn5i6lprs3fzc8cff93fd3bb469k4-ffmpeg-headless-9.0.1-doc"
            },
            {
              "name": "lib",
              "path": "/nix/store/aqfkjiq93mfgg027a02k496hz7jcbfwx-ffmpeg-headless-9.0.1-lib"
            },
            {
              "name": "out",
              "path": "/nix/store/33zdfic9i5xvp8ik2zkl8c3gid9qyl9v-ffmpeg-headless-9.0.1"
            }
          ],
          "store_path": "/nix/store/izz9r16afdgflp7wm6kxxghxypaxj278-ffmpeg-headless-9.0.1-bin"
        },
        "aarch64-linux": {
          "outputs": [
            {
              "name": "bin",
              "path": "/nix/store/ply7yv3ijxd39y1v23y63nc78d3a2ww6-ffmpeg-headless-9.0.1-bin",
              "default": true
            },
            {
              "name": "man",
              "path": "/nix/store/fvxy339ll38g0zbv1xp896srrfwjbx01-ffmpeg-headless-9.0.1-man",
              "default": true
            },
            {
              "name": "data",
              "path": "/nix/store/s7fyhv50kpg169yi9x1y0ay8mcc7sbhm-ffmpeg-headless-9.0.1-data"
            },
            {
              "name": "dev",
              "path": "/nix/store/0qp2jmq80x1s08kyhci3xcqgsffys7js-ffmpeg-headless-9.0.1-dev"
            },
            {
              "name": "doc",
              "path": "/nix/store/1wildlf378dd4nnlfmhrpbklkkz7q137-ffmpeg-headless-9.0.1-doc"
            },
            {
              "name": "lib",
              "path": "/nix/store/r8skk5jjhwmkf2z0kcgawzshmsc0xmxr-ffmpeg-headless-9.0.1-lib"
            },
            {
              "name": "out",
              "path": "/nix/store/1symfvlzfg1prxj9f40dvscgq307jyf9-ffmpeg-headless-9.0.1"
            }
          ],
          "store_path": "/nix/store/ply7yv3ijxd39y1v23y63nc78d3a2ww6-ffmpeg-headless-9.0.1-bin"
        },
        "x86_64-linux": {
          "outputs": [
            {
              "name": "bin",
              "path": "/nix/store/sgr8i7gg4b6sx1fvg944zw9c54pwnpxm-ffmpeg-headless-9.0.1-bin",
              "default": true
            },
            {
              "name": "man",
              "path": "/nix/store/jf4a73fqqpz9ah0z70d2hp35bbxnfs5a-ffmpeg-headless-9.0.1-man",
              "default": true
            },
            {
              "name": "out",
              "path": "/nix/store/95x5ys5fhr0s25sc5zpbdv1mn159qq2x-ffmpeg-headless-9.0.1"
            },
            {
              "name": "data",
              "path": "/nix/store/qkifsw1rh2wyakcx2jjxib1fiydb7h54-ffmpeg-headless-9.0.1-data"
            },
            {
              "name": "dev",
              "path": "/nix/store/s18983xaf7vhc50wz27xd4dwi4lq0ixv-ffmpeg-headless-9.0.1-dev"
            },
            {
              "name": "doc",
              "path": "/nix/store/7sim1apcc30cl9lrcsn3pjd66x6wm658-ffmpeg-headless-9.0.1-doc"
            },
            {
              "name": "lib",
              "path": "/nix/store/06m470d0fvnn5ivzwbgmi5rvss3fza40-ffmpeg-headless-9.0.1-lib"
            }
          ],
          "store_path": "/nix/store/sgr8i7gg4b6sx1fvg944zw9c54pwnpxm-ffmpeg-headless-9.0.1-bin"
        }
      }
    },
    "gnupg@2.4.9": {
      "last_modified": "2026-08-27T07:16:00Z",
      "resolved": "github:NixOS/nixpkgs/c27cdad491a991b11ed731760aa2ef8db0cb0410#gnupg",
      "source": "devbox-search",
      "version": "2.4.9",
      "systems": {
        "aarch64-darwin": {
          "outputs": [
            {
              "name": "out",
              "path": "/nix/store/d1pqaj0232nkr2awl01wx9s0mlh7mcn1-gnupg-2.4.9",
              "default": true
            },
            {
              "name": "man",
              "path": "/nix/store/0rxmk2k90ypgkn34syq85l14kli37p6c-gnupg-2.4.9-man",
              "default": true
            },
            {
              "name": "doc",
              "path": "/nix/store/0avmmgwyalkz0spva8a9vd8dgfk67dsw-gnupg-2.4.9-doc"
            },
            {
              "name": "info",
              "path": "/nix/store/pcahhsln9c3hqg2m95q3qs7czdmvn34k-gnupg-2.4.9-info"
            }
          ],
          "store_path": "/nix/store/d1pqaj0232nkr2awl01wx9s0mlh7mcn1-gnupg-2.4.9"
        },
        "aarch64-linux": {
          "outputs": [
            {
              "name": "out",
              "path": "/nix/store/66mn9w360xj1abx8scrdg479w0d5f46v-gnupg-2.4.9",
              "default": true
            },
            {
              "name": "man",
              "path": "/nix/store/k2v796pakvvryd96f2rk1l86zingc43a-gnupg-2.4.9-man",
              "default": true
            },
            {
              "name": "doc",
              "path": "/nix/store/29n58bpgjhy68jrih5s3g68rbk7q73x8-gnupg-2.4.9-doc"
            },
            {
              "name": "info",
              "path": "/nix/store/x9mbv7id6ivg0y6lbvzxj9sa2nkhp6bk-gnupg-2.4.9-info"
            }
          ],
          "store_path": "/nix/store/66mn9w360xj1abx8scrdg479w0d5f46v-gnupg-2.4.9"
        },
        "x86_64-darwin": {
          "outputs": [
            {
              "name": "out",
              "path": "/nix/store/n3md9y3mqg5n7ics64chfjfzhn45qby3-gnupg-2.4.9",
              "default": true
            },
            {
              "name": "man",
              "path": "/nix/store/401dixxj0zdpsky85pkig64hi4ah79yv-gnupg-2.4.9-man",
              "default": true
            },
            {
              "name": "doc",
              "path": "/nix/store/jdkh6plqi5s2s5cqbckfwcd8lnwyx50g-gnupg-2.4.9-doc"
            },
            {
              "name": "info",
              "path": "/nix/store/7hz218wdccp4nz41xmdwsjpx57ilwihm-gnupg-2.4.9-info"
            }
          ],
          "store_path": "/nix/store/n3md9y3mqg5n7ics64chfjfzhn45qby3-gnupg-2.4.9"
        },
        "x86_64-linux": {
          "outputs": [
            {
              "name": "out",
              "path": "/nix/store/nvh2r6adpxhkl37wsxglz4w9cbsz506h-gnupg-2.4.9",
              "default": true
            },
            {
              "name": "man",
              "path": "/nix/store/cldw7hkmxppg4kd0iicpx5z83kfb8d0p-gnupg-2.4.9-man",
              "default": true
            },
            {
              "name": "doc",
              "path": "/nix/store/s29rghw0zdq0vbv8wmbzr7rv5c734hfy-gnupg-2.4.9-doc"
            },
            {
              "name": "info",
              "path": "/nix/store/gjal5k49qkpfgdfa7dsbafra670h0snq-gnupg-2.4.9-info"
            }
          ],
          "store_path": "/nix/store/nvh2r6adpxhkl37wsxglz4w9cbsz506h-gnupg-2.4.9"
        }
      }
    },
    "libiconvReal@1.17": {
      "last_modified": "2025-10-22T20:59:19Z",
      "resolved": "github:NixOS/nixpkgs/01b6809f7f9d1183a2b3e081f0a1e6f8f415cb09#libiconvReal",
      "source": "devbox-search",
      "version": "1.17",
      "systems": {
        "aarch64-darwin": {
          "outputs": [
            {
              "name": "out",
              "path": "/nix/store/vm05hk5jfs5s1mwsx4d5qqzv2mh7ar93-libiconv-1.17",
              "default": true
            }
          ],
          "store_path": "/nix/store/vm05hk5jfs5s1mwsx4d5qqzv2mh7ar93-libiconv-1.17"
        },
        "aarch64-linux": {
          "outputs": [
            {
              "name": "out",
              "path": "/nix/store/s39dgq6yf6fd7jwhy4m4v8b0g9pci9jw-libiconv-1.17",
              "default": true
            }
          ],
          "store_path": "/nix/store/s39dgq6yf6fd7jwhy4m4v8b0g9pci9jw-libiconv-1.17"
        },
        "x86_64-darwin": {
          "outputs": [
            {
              "name": "out",
              "path": "/nix/store/q7pngqf9wzp2fj47ks45nsgjlas356c0-libiconv-1.17",
              "default": true
            }
          ],
          "store_path": "/nix/store/q7pngqf9wzp2fj47ks45nsgjlas356c0-libiconv-1.17"
        },
        "x86_64-linux": {
          "outputs": [
            {
              "name": "out",
              "path": "/nix/store/klsw26n81w6nhnx2jrq88sibf4f7dfq0-libiconv-1.17",
              "default": true
            }
          ],
          "store_path": "/nix/store/klsw26n81w6nhnx2jrq88sibf4f7dfq0-libiconv-1.17"
        }
      }
    },
    "pkg-config@latest": {
      "last_modified": "2025-11-23T21:50:36Z",
      "resolved": "github:NixOS/nixpkgs/ee09932cedcef15aaf476f9343d1dea2cb77e261#pkg-config",
      "source": "devbox-search",
      "version": "0.29.2",
      "systems": {
        "aarch64-darwin": {
          "outputs": [
            {
              "name": "out",
              "path": "/nix/store/hygaaqwk9ylklp0ybwppqhw75nz8ya41-pkg-config-wrapper-0.29.2",
              "default": true
            },
            {
              "name": "man",
              "path": "/nix/store/9px0sji43x3r2w4zxl3j3idwsql7lwxx-pkg-config-wrapper-0.29.2-man",
              "default": true
            },
            {
              "name": "doc",
              "path": "/nix/store/hqk44ra6qxw7iixardl6c3hdgb9kq6ns-pkg-config-wrapper-0.29.2-doc"
            }
          ],
          "store_path": "/nix/store/hygaaqwk9ylklp0ybwppqhw75nz8ya41-pkg-config-wrapper-0.29.2"
        },
        "aarch64-linux": {
          "outputs": [
            {
              "name": "out",
              "path": "/nix/store/lbiigi8qbp7mzf1lpr7p982l1kyf01ql-pkg-config-wrapper-0.29.2",
              "default": true
            },
            {
              "name": "man",
              "path": "/nix/store/10060k24qggqyzlwdsfmni9y32zxcg0j-pkg-config-wrapper-0.29.2-man",
              "default": true
            },
            {
              "name": "doc",
              "path": "/nix/store/0y4v51ndpyvkj09hwlfqkz0c3h17zfmc-pkg-config-wrapper-0.29.2-doc"
            }
          ],
          "store_path": "/nix/store/lbiigi8qbp7mzf1lpr7p982l1kyf01ql-pkg-config-wrapper-0.29.2"
        },
        "x86_64-darwin": {
          "outputs": [
            {
              "name": "out",
              "path": "/nix/store/vknadizq0q5kffvx6y4379p9gdry9zq3-pkg-config-wrapper-0.29.2",
              "default": true
            },
            {
              "name": "man",
              "path": "/nix/store/1nyspra675q22gfhf7hn2nmfpi6rgim5-pkg-config-wrapper-0.29.2-man",
              "default": true
            },
            {
              "name": "doc",
              "path": "/nix/store/7lq1axxwrafwljs06n88bzyz9w523rkc-pkg-config-wrapper-0.29.2-doc"
            }
          ],
          "store_path": "/nix/store/vknadizq0q5kffvx6y4379p9gdry9zq3-pkg-config-wrapper-0.29.2"
        },
        "x86_64-linux": {
          "outputs": [
            {
              "name": "out",
              "path": "/nix/store/8vdiwpbh0g4avsd6x5v4s0di32vcl3dp-pkg-config-wrapper-0.29.2",
              "default": true
            },
            {
              "name": "man",
              "path": "/nix/store/j9xfpnrygg3v37svc5pfin9q5bm49r94-pkg-config-wrapper-0.29.2-man",
              "default": true
            },
            {
              "name": "doc",
              "path": "/nix/store/x3bypxdxaq20kykybhkf21x4jczsiy8y-pkg-config-wrapper-0.29.2-doc"
            }
          ],
          "store_path": "/nix/store/8vdiwpbh0g4avsd6x5v4s0di32vcl3dp-pkg-config-wrapper-0.29.2"
        }
      }
    },
    "rustup@1.27.1": {
      "last_modified": "2025-05-16T20:19:48Z",
      "plugin_version": "0.0.1",
      "resolved": "github:NixOS/nixpkgs/12a55407652e04dcf2309436eb06fef0d3713ef3#rustup",
      "source": "devbox-search",
      "version": "1.27.1",
      "systems": {
        "aarch64-darwin": {
          "outputs": [
            {
              "name": "out",
              "path": "/nix/store/k6cwh3783zrxiqqyzbj6mnrfqbqlbkgj-rustup-1.27.1",
              "default": true
            }
          ],
          "store_path": "/nix/store/k6cwh3783zrxiqqyzbj6mnrfqbqlbkgj-rustup-1.27.1"
        },
        "aarch64-linux": {
          "outputs": [
            {
              "name": "out",
              "path": "/nix/store/y4x5l59dq2ayl74b7n9s1bk10gnbvnif-rustup-1.27.1",
              "default": true
            }
          ],
          "store_path": "/nix/store/y4x5l59dq2ayl74b7n9s1bk10gnbvnif-rustup-1.27.1"
        },
        "x86_64-darwin": {
          "outputs": [
            {
              "name": "out",
              "path": "/nix/store/sf8gwlgwgg0ik0scq7719ja356m0yqfs-rustup-1.27.1",
              "default": true
            }
          ],
          "store_path": "/nix/store/sf8gwlgwgg0ik0scq7719ja356m0yqfs-rustup-1.27.1"
        },
        "x86_64-linux": {
          "outputs": [
            {
              "name": "out",
              "path": "/nix/store/vg6d0qm7mpmsmm03h8fm68cffxjkqrvr-rustup-1.27.1",
              "default": true
            }
          ],
          "store_path": "/nix/store/vg6d0qm7mpmsmm03h8fm68cffxjkqrvr-rustup-1.27.1"
        }
      }
    },
    "zig@0.13.0": {
      "last_modified": "2025-02-23T09:42:26Z",
      "resolved": "github:NixOS/nixpkgs/2d068ae5c6516b2d04562de50a58c682540de9bf#zig",
      "source": "devbox-search",
      "version": "0.13.0",
      "systems": {
        "aarch64-darwin": {
          "outputs": [
            {
              "name": "out",
              "path": "/nix/store/mv2qr7yaf54mikb1jdc00j1lb37c4cvb-zig-0.13.0",
              "default": true
            },
            {
              "name": "doc",
              "path": "/nix/store/09yh4gmfqs3qjh40babjr23bnly097a2-zig-0.13.0-doc"
            }
          ],
          "store_path": "/nix/store/mv2qr7yaf54mikb1jdc00j1lb37c4cvb-zig-0.13.0"
        },
        "aarch64-linux": {
          "outputs": [
            {
              "name": "out",
              "path": "/nix/store/n08kyzg4rr8bhd7p6n8yjcmzxl5hb4vg-zig-0.13.0",
              "default": true
            },
            {
              "name": "doc",
              "path": "/nix/store/758ijiw9n7638hxx8z0my278xnladnih-zig-0.13.0-doc"
            }
          ],
          "store_path": "/nix/store/n08kyzg4rr8bhd7p6n8yjcmzxl5hb4vg-zig-0.13.0"
        },
        "x86_64-darwin": {
          "outputs": [
            {
              "name": "out",
              "path": "/nix/store/d8ixj7rixsfp1wf009rsyrdbrws66fq9-zig-0.13.0",
              "default": true
            },
            {
              "name": "doc",
              "path": "/nix/store/5haz8dic7q7crmvy0p7y63shsif41lsp-zig-0.13.0-doc"
            }
          ],
          "store_path": "/nix/store/d8ixj7rixsfp1wf009rsyrdbrws66fq9-zig-0.13.0"
        },
        "x86_64-linux": {
          "outputs": [
            {
              "name": "out",
              "path": "/nix/store/q8lwjgv75hrsprclnqd63d0k7yld8xpc-zig-0.13.0",
              "default": true
            },
            {
              "name": "doc",
              "path": "/nix/store/2ryssrc4dg38bgrfi2nna8zqmb0bkri2-zig-0.13.0-doc"
            }
          ],
          "store_path": "/nix/store/q8lwjgv75hrsprclnqd63d0k7yld8xpc-zig-0.13.0"
        }
      }
    }
  }
}
